{
  "version": "0.0.1",
  "lockfileVersion": 1,
  "requires": true,
  "dependencies": {
    "react-native-document-picker": {
      "version": "git+https://github.com/RidaRidss/react-native-document-picker.git#3c20e0efcda61073a3dfb59dc24687f6fa370e90",
      "from": "git+https://github.com/RidaRidss/react-native-document-picker.git"
    }
  }
}
